
Microsoft Visual Studio Solution File, Format Version 12.00
# Visual Studio Version 16
VisualStudioVersion = 16.0.28917.182
MinimumVisualStudioVersion = 10.0.40219.1
Project("{2150E333-8FDC-42A3-9474-1A3956D46DE8}") = "Solution Items", "Solution Items", "{C542D086-9117-4D7A-9759-68529627F695}"
	ProjectSection(SolutionItems) = preProject
		.editorconfig = .editorconfig
		.gitattributes = .gitattributes
		.gitignore = .gitignore
		.gitmodules = .gitmodules
		AllRules.ruleset = AllRules.ruleset
		Directory.Build.props = Directory.Build.props
		Directory.Meta.props = Directory.Meta.props
		Directory.Version.props = Directory.Version.props
		LICENSE = LICENSE
		nuget.config = nuget.config
	EndProjectSection
EndProject
Project("{2150E333-8FDC-42A3-9474-1A3956D46DE8}") = "src", "src", "{5D20A5ED-BC45-43E7-B8F7-C97C21F40E87}"
EndProject
Project("{9A19103F-16F7-4668-BE54-9A1E7A4F7556}") = "THNETII.EtoForms.Hosting", "src\THNETII.EtoForms.Hosting\THNETII.EtoForms.Hosting.csproj", "{FF7D6202-F453-40CA-AE51-B2BB592F8358}"
EndProject
Project("{2150E333-8FDC-42A3-9474-1A3956D46DE8}") = "sample", "sample", "{E6DFFFDA-5B10-46C7-A95A-DF0BF0C6E62C}"
EndProject
Project("{9A19103F-16F7-4668-BE54-9A1E7A4F7556}") = "THNETII.EtoForms.HostedSample", "sample\THNETII.EtoForms.HostedSample\THNETII.EtoForms.HostedSample.csproj", "{C0D9F74F-B980-4984-B87D-BC08C711ABD2}"
EndProject
Project("{2150E333-8FDC-42A3-9474-1A3956D46DE8}") = "sample-win", "sample-win", "{C991FA74-33CC-4AE8-9A9B-267D8B25A2BE}"
EndProject
Project("{9A19103F-16F7-4668-BE54-9A1E7A4F7556}") = "THNETII.EtoForms.HostedSample.WinForms", "sample-win\THNETII.EtoForms.HostedSample.WinForms\THNETII.EtoForms.HostedSample.WinForms.csproj", "{99C6B5F9-8652-4080-8E5A-48BF6C52BDB8}"
EndProject
Project("{9A19103F-16F7-4668-BE54-9A1E7A4F7556}") = "THNETII.EtoForms.HostedSample.Wpf", "sample-win\THNETII.EtoForms.HostedSample.Wpf\THNETII.EtoForms.HostedSample.Wpf.csproj", "{8C6E9E6B-6659-4A47-AA72-C81E107003A8}"
EndProject
Project("{9A19103F-16F7-4668-BE54-9A1E7A4F7556}") = "THNETII.EtoForms.CrossPlatformSample", "sample\THNETII.EtoForms.CrossPlatformSample\THNETII.EtoForms.CrossPlatformSample.csproj", "{78BEE166-8C45-41E7-8CA6-C4A4FBD50988}"
EndProject
Project("{9A19103F-16F7-4668-BE54-9A1E7A4F7556}") = "THNETII.EtoForms.CrossPlatformSample.WinForms", "sample-win\THNETII.EtoForms.CrossPlatformSample.WinForms\THNETII.EtoForms.CrossPlatformSample.WinForms.csproj", "{1C0B93EF-63F5-451D-A8FE-7A8D916883DD}"
EndProject
Project("{9A19103F-16F7-4668-BE54-9A1E7A4F7556}") = "THNETII.EtoForms.CmdParserHostedSample", "sample\THNETII.EtoForms.CmdParserHostedSample\THNETII.EtoForms.CmdParserHostedSample.csproj", "{BF42A5CA-E18A-4463-8645-89899F530717}"
EndProject
Project("{9A19103F-16F7-4668-BE54-9A1E7A4F7556}") = "THNETII.EtoForms.CmdParserHostedSample.WinForms", "sample-win\THNETII.EtoForms.CmdParserHostedSample.WinForms\THNETII.EtoForms.CmdParserHostedSample.WinForms.csproj", "{F232AC1E-CD76-4971-9B38-0E682D6E752E}"
EndProject
Project("{9A19103F-16F7-4668-BE54-9A1E7A4F7556}") = "THNETII.EtoForms.CmdParserHostedSample.Wpf", "sample-win\THNETII.EtoForms.CmdParserHostedSample.Wpf\THNETII.EtoForms.CmdParserHostedSample.Wpf.csproj", "{7563405A-4F0D-4DE6-BEA4-FF4D0F2E5274}"
EndProject
Project("{2150E333-8FDC-42A3-9474-1A3956D46DE8}") = "sample-gtk", "sample-gtk", "{F02A4516-45D3-496F-828C-E0B3BA8ADD13}"
EndProject
Project("{FAE04EC0-301F-11D3-BF4B-00C04F79EFBC}") = "THNETII.EtoForms.CmdParserHostedSample.Gtk", "sample-gtk\THNETII.EtoForms.CmdParserHostedSample.Gtk\THNETII.EtoForms.CmdParserHostedSample.Gtk.csproj", "{1C4725D9-368A-4420-9AA9-7F573F26B70A}"
EndProject
Project("{FAE04EC0-301F-11D3-BF4B-00C04F79EFBC}") = "THNETII.EtoForms.CrossPlatformSample.Gtk", "sample-gtk\THNETII.EtoForms.CrossPlatformSample.Gtk\THNETII.EtoForms.CrossPlatformSample.Gtk.csproj", "{1ADC7C14-925E-4331-8181-C92C4E3A9D20}"
EndProject
Project("{FAE04EC0-301F-11D3-BF4B-00C04F79EFBC}") = "THNETII.EtoForms.HostedSample.Gtk", "sample-gtk\THNETII.EtoForms.HostedSample.Gtk\THNETII.EtoForms.HostedSample.Gtk.csproj", "{BFE67EA0-DCCA-420D-9D90-819A760928F6}"
EndProject
Global
	GlobalSection(SolutionConfigurationPlatforms) = preSolution
		Debug|Any CPU = Debug|Any CPU
		Debug|x64 = Debug|x64
		Debug|x86 = Debug|x86
		Release|Any CPU = Release|Any CPU
		Release|x64 = Release|x64
		Release|x86 = Release|x86
	EndGlobalSection
	GlobalSection(ProjectConfigurationPlatforms) = postSolution
		{FF7D6202-F453-40CA-AE51-B2BB592F8358}.Debug|Any CPU.ActiveCfg = Debug|Any CPU
		{FF7D6202-F453-40CA-AE51-B2BB592F8358}.Debug|Any CPU.Build.0 = Debug|Any CPU
		{FF7D6202-F453-40CA-AE51-B2BB592F8358}.Debug|x64.ActiveCfg = Debug|Any CPU
		{FF7D6202-F453-40CA-AE51-B2BB592F8358}.Debug|x64.Build.0 = Debug|Any CPU
		{FF7D6202-F453-40CA-AE51-B2BB592F8358}.Debug|x86.ActiveCfg = Debug|Any CPU
		{FF7D6202-F453-40CA-AE51-B2BB592F8358}.Debug|x86.Build.0 = Debug|Any CPU
		{FF7D6202-F453-40CA-AE51-B2BB592F8358}.Release|Any CPU.ActiveCfg = Release|Any CPU
		{FF7D6202-F453-40CA-AE51-B2BB592F8358}.Release|Any CPU.Build.0 = Release|Any CPU
		{FF7D6202-F453-40CA-AE51-B2BB592F8358}.Release|x64.ActiveCfg = Release|Any CPU
		{FF7D6202-F453-40CA-AE51-B2BB592F8358}.Release|x64.Build.0 = Release|Any CPU
		{FF7D6202-F453-40CA-AE51-B2BB592F8358}.Release|x86.ActiveCfg = Release|Any CPU
		{FF7D6202-F453-40CA-AE51-B2BB592F8358}.Release|x86.Build.0 = Release|Any CPU
		{C0D9F74F-B980-4984-B87D-BC08C711ABD2}.Debug|Any CPU.ActiveCfg = Debug|Any CPU
		{C0D9F74F-B980-4984-B87D-BC08C711ABD2}.Debug|Any CPU.Build.0 = Debug|Any CPU
		{C0D9F74F-B980-4984-B87D-BC08C711ABD2}.Debug|x64.ActiveCfg = Debug|Any CPU
		{C0D9F74F-B980-4984-B87D-BC08C711ABD2}.Debug|x64.Build.0 = Debug|Any CPU
		{C0D9F74F-B980-4984-B87D-BC08C711ABD2}.Debug|x86.ActiveCfg = Debug|Any CPU
		{C0D9F74F-B980-4984-B87D-BC08C711ABD2}.Debug|x86.Build.0 = Debug|Any CPU
		{C0D9F74F-B980-4984-B87D-BC08C711ABD2}.Release|Any CPU.ActiveCfg = Release|Any CPU
		{C0D9F74F-B980-4984-B87D-BC08C711ABD2}.Release|Any CPU.Build.0 = Release|Any CPU
		{C0D9F74F-B980-4984-B87D-BC08C711ABD2}.Release|x64.ActiveCfg = Release|Any CPU
		{C0D9F74F-B980-4984-B87D-BC08C711ABD2}.Release|x64.Build.0 = Release|Any CPU
		{C0D9F74F-B980-4984-B87D-BC08C711ABD2}.Release|x86.ActiveCfg = Release|Any CPU
		{C0D9F74F-B980-4984-B87D-BC08C711ABD2}.Release|x86.Build.0 = Release|Any CPU
		{99C6B5F9-8652-4080-8E5A-48BF6C52BDB8}.Debug|Any CPU.ActiveCfg = Debug|Any CPU
		{99C6B5F9-8652-4080-8E5A-48BF6C52BDB8}.Debug|Any CPU.Build.0 = Debug|Any CPU
		{99C6B5F9-8652-4080-8E5A-48BF6C52BDB8}.Debug|x64.ActiveCfg = Debug|Any CPU
		{99C6B5F9-8652-4080-8E5A-48BF6C52BDB8}.Debug|x64.Build.0 = Debug|Any CPU
		{99C6B5F9-8652-4080-8E5A-48BF6C52BDB8}.Debug|x86.ActiveCfg = Debug|Any CPU
		{99C6B5F9-8652-4080-8E5A-48BF6C52BDB8}.Debug|x86.Build.0 = Debug|Any CPU
		{99C6B5F9-8652-4080-8E5A-48BF6C52BDB8}.Release|Any CPU.ActiveCfg = Release|Any CPU
		{99C6B5F9-8652-4080-8E5A-48BF6C52BDB8}.Release|Any CPU.Build.0 = Release|Any CPU
		{99C6B5F9-8652-4080-8E5A-48BF6C52BDB8}.Release|x64.ActiveCfg = Release|Any CPU
		{99C6B5F9-8652-4080-8E5A-48BF6C52BDB8}.Release|x64.Build.0 = Release|Any CPU
		{99C6B5F9-8652-4080-8E5A-48BF6C52BDB8}.Release|x86.ActiveCfg = Release|Any CPU
		{99C6B5F9-8652-4080-8E5A-48BF6C52BDB8}.Release|x86.Build.0 = Release|Any CPU
		{8C6E9E6B-6659-4A47-AA72-C81E107003A8}.Debug|Any CPU.ActiveCfg = Debug|Any CPU
		{8C6E9E6B-6659-4A47-AA72-C81E107003A8}.Debug|Any CPU.Build.0 = Debug|Any CPU
		{8C6E9E6B-6659-4A47-AA72-C81E107003A8}.Debug|x64.ActiveCfg = Debug|Any CPU
		{8C6E9E6B-6659-4A47-AA72-C81E107003A8}.Debug|x64.Build.0 = Debug|Any CPU
		{8C6E9E6B-6659-4A47-AA72-C81E107003A8}.Debug|x86.ActiveCfg = Debug|Any CPU
		{8C6E9E6B-6659-4A47-AA72-C81E107003A8}.Debug|x86.Build.0 = Debug|Any CPU
		{8C6E9E6B-6659-4A47-AA72-C81E107003A8}.Release|Any CPU.ActiveCfg = Release|Any CPU
		{8C6E9E6B-6659-4A47-AA72-C81E107003A8}.Release|Any CPU.Build.0 = Release|Any CPU
		{8C6E9E6B-6659-4A47-AA72-C81E107003A8}.Release|x64.ActiveCfg = Release|Any CPU
		{8C6E9E6B-6659-4A47-AA72-C81E107003A8}.Release|x64.Build.0 = Release|Any CPU
		{8C6E9E6B-6659-4A47-AA72-C81E107003A8}.Release|x86.ActiveCfg = Release|Any CPU
		{8C6E9E6B-6659-4A47-AA72-C81E107003A8}.Release|x86.Build.0 = Release|Any CPU
		{78BEE166-8C45-41E7-8CA6-C4A4FBD50988}.Debug|Any CPU.ActiveCfg = Debug|Any CPU
		{78BEE166-8C45-41E7-8CA6-C4A4FBD50988}.Debug|Any CPU.Build.0 = Debug|Any CPU
		{78BEE166-8C45-41E7-8CA6-C4A4FBD50988}.Debug|x64.ActiveCfg = Debug|Any CPU
		{78BEE166-8C45-41E7-8CA6-C4A4FBD50988}.Debug|x64.Build.0 = Debug|Any CPU
		{78BEE166-8C45-41E7-8CA6-C4A4FBD50988}.Debug|x86.ActiveCfg = Debug|Any CPU
		{78BEE166-8C45-41E7-8CA6-C4A4FBD50988}.Debug|x86.Build.0 = Debug|Any CPU
		{78BEE166-8C45-41E7-8CA6-C4A4FBD50988}.Release|Any CPU.ActiveCfg = Release|Any CPU
		{78BEE166-8C45-41E7-8CA6-C4A4FBD50988}.Release|Any CPU.Build.0 = Release|Any CPU
		{78BEE166-8C45-41E7-8CA6-C4A4FBD50988}.Release|x64.ActiveCfg = Release|Any CPU
		{78BEE166-8C45-41E7-8CA6-C4A4FBD50988}.Release|x64.Build.0 = Release|Any CPU
		{78BEE166-8C45-41E7-8CA6-C4A4FBD50988}.Release|x86.ActiveCfg = Release|Any CPU
		{78BEE166-8C45-41E7-8CA6-C4A4FBD50988}.Release|x86.Build.0 = Release|Any CPU
		{1C0B93EF-63F5-451D-A8FE-7A8D916883DD}.Debug|Any CPU.ActiveCfg = Debug|Any CPU
		{1C0B93EF-63F5-451D-A8FE-7A8D916883DD}.Debug|Any CPU.Build.0 = Debug|Any CPU
		{1C0B93EF-63F5-451D-A8FE-7A8D916883DD}.Debug|x64.ActiveCfg = Debug|Any CPU
		{1C0B93EF-63F5-451D-A8FE-7A8D916883DD}.Debug|x64.Build.0 = Debug|Any CPU
		{1C0B93EF-63F5-451D-A8FE-7A8D916883DD}.Debug|x86.ActiveCfg = Debug|Any CPU
		{1C0B93EF-63F5-451D-A8FE-7A8D916883DD}.Debug|x86.Build.0 = Debug|Any CPU
		{1C0B93EF-63F5-451D-A8FE-7A8D916883DD}.Release|Any CPU.ActiveCfg = Release|Any CPU
		{1C0B93EF-63F5-451D-A8FE-7A8D916883DD}.Release|Any CPU.Build.0 = Release|Any CPU
		{1C0B93EF-63F5-451D-A8FE-7A8D916883DD}.Release|x64.ActiveCfg = Release|Any CPU
		{1C0B93EF-63F5-451D-A8FE-7A8D916883DD}.Release|x64.Build.0 = Release|Any CPU
		{1C0B93EF-63F5-451D-A8FE-7A8D916883DD}.Release|x86.ActiveCfg = Release|Any CPU
		{1C0B93EF-63F5-451D-A8FE-7A8D916883DD}.Release|x86.Build.0 = Release|Any CPU
		{BF42A5CA-E18A-4463-8645-89899F530717}.Debug|Any CPU.ActiveCfg = Debug|Any CPU
		{BF42A5CA-E18A-4463-8645-89899F530717}.Debug|Any CPU.Build.0 = Debug|Any CPU
		{BF42A5CA-E18A-4463-8645-89899F530717}.Debug|x64.ActiveCfg = Debug|Any CPU
		{BF42A5CA-E18A-4463-8645-89899F530717}.Debug|x64.Build.0 = Debug|Any CPU
		{BF42A5CA-E18A-4463-8645-89899F530717}.Debug|x86.ActiveCfg = Debug|Any CPU
		{BF42A5CA-E18A-4463-8645-89899F530717}.Debug|x86.Build.0 = Debug|Any CPU
		{BF42A5CA-E18A-4463-8645-89899F530717}.Release|Any CPU.ActiveCfg = Release|Any CPU
		{BF42A5CA-E18A-4463-8645-89899F530717}.Release|Any CPU.Build.0 = Release|Any CPU
		{BF42A5CA-E18A-4463-8645-89899F530717}.Release|x64.ActiveCfg = Release|Any CPU
		{BF42A5CA-E18A-4463-8645-89899F530717}.Release|x64.Build.0 = Release|Any CPU
		{BF42A5CA-E18A-4463-8645-89899F530717}.Release|x86.ActiveCfg = Release|Any CPU
		{BF42A5CA-E18A-4463-8645-89899F530717}.Release|x86.Build.0 = Release|Any CPU
		{F232AC1E-CD76-4971-9B38-0E682D6E752E}.Debug|Any CPU.ActiveCfg = Debug|Any CPU
		{F232AC1E-CD76-4971-9B38-0E682D6E752E}.Debug|Any CPU.Build.0 = Debug|Any CPU
		{F232AC1E-CD76-4971-9B38-0E682D6E752E}.Debug|x64.ActiveCfg = Debug|Any CPU
		{F232AC1E-CD76-4971-9B38-0E682D6E752E}.Debug|x64.Build.0 = Debug|Any CPU
		{F232AC1E-CD76-4971-9B38-0E682D6E752E}.Debug|x86.ActiveCfg = Debug|Any CPU
		{F232AC1E-CD76-4971-9B38-0E682D6E752E}.Debug|x86.Build.0 = Debug|Any CPU
		{F232AC1E-CD76-4971-9B38-0E682D6E752E}.Release|Any CPU.ActiveCfg = Release|Any CPU
		{F232AC1E-CD76-4971-9B38-0E682D6E752E}.Release|Any CPU.Build.0 = Release|Any CPU
		{F232AC1E-CD76-4971-9B38-0E682D6E752E}.Release|x64.ActiveCfg = Release|Any CPU
		{F232AC1E-CD76-4971-9B38-0E682D6E752E}.Release|x64.Build.0 = Release|Any CPU
		{F232AC1E-CD76-4971-9B38-0E682D6E752E}.Release|x86.ActiveCfg = Release|Any CPU
		{F232AC1E-CD76-4971-9B38-0E682D6E752E}.Release|x86.Build.0 = Release|Any CPU
		{7563405A-4F0D-4DE6-BEA4-FF4D0F2E5274}.Debug|Any CPU.ActiveCfg = Debug|Any CPU
		{7563405A-4F0D-4DE6-BEA4-FF4D0F2E5274}.Debug|Any CPU.Build.0 = Debug|Any CPU
		{7563405A-4F0D-4DE6-BEA4-FF4D0F2E5274}.Debug|x64.ActiveCfg = Debug|Any CPU
		{7563405A-4F0D-4DE6-BEA4-FF4D0F2E5274}.Debug|x64.Build.0 = Debug|Any CPU
		{7563405A-4F0D-4DE6-BEA4-FF4D0F2E5274}.Debug|x86.ActiveCfg = Debug|Any CPU
		{7563405A-4F0D-4DE6-BEA4-FF4D0F2E5274}.Debug|x86.Build.0 = Debug|Any CPU
		{7563405A-4F0D-4DE6-BEA4-FF4D0F2E5274}.Release|Any CPU.ActiveCfg = Release|Any CPU
		{7563405A-4F0D-4DE6-BEA4-FF4D0F2E5274}.Release|Any CPU.Build.0 = Release|Any CPU
		{7563405A-4F0D-4DE6-BEA4-FF4D0F2E5274}.Release|x64.ActiveCfg = Release|Any CPU
		{7563405A-4F0D-4DE6-BEA4-FF4D0F2E5274}.Release|x64.Build.0 = Release|Any CPU
		{7563405A-4F0D-4DE6-BEA4-FF4D0F2E5274}.Release|x86.ActiveCfg = Release|Any CPU
		{7563405A-4F0D-4DE6-BEA4-FF4D0F2E5274}.Release|x86.Build.0 = Release|Any CPU
		{1C4725D9-368A-4420-9AA9-7F573F26B70A}.Debug|Any CPU.ActiveCfg = Debug|Any CPU
		{1C4725D9-368A-4420-9AA9-7F573F26B70A}.Debug|Any CPU.Build.0 = Debug|Any CPU
		{1C4725D9-368A-4420-9AA9-7F573F26B70A}.Debug|x64.ActiveCfg = Debug|Any CPU
		{1C4725D9-368A-4420-9AA9-7F573F26B70A}.Debug|x64.Build.0 = Debug|Any CPU
		{1C4725D9-368A-4420-9AA9-7F573F26B70A}.Debug|x86.ActiveCfg = Debug|Any CPU
		{1C4725D9-368A-4420-9AA9-7F573F26B70A}.Debug|x86.Build.0 = Debug|Any CPU
		{1C4725D9-368A-4420-9AA9-7F573F26B70A}.Release|Any CPU.ActiveCfg = Release|Any CPU
		{1C4725D9-368A-4420-9AA9-7F573F26B70A}.Release|Any CPU.Build.0 = Release|Any CPU
		{1C4725D9-368A-4420-9AA9-7F573F26B70A}.Release|x64.ActiveCfg = Release|Any CPU
		{1C4725D9-368A-4420-9AA9-7F573F26B70A}.Release|x64.Build.0 = Release|Any CPU
		{1C4725D9-368A-4420-9AA9-7F573F26B70A}.Release|x86.ActiveCfg = Release|Any CPU
		{1C4725D9-368A-4420-9AA9-7F573F26B70A}.Release|x86.Build.0 = Release|Any CPU
		{1ADC7C14-925E-4331-8181-C92C4E3A9D20}.Debug|Any CPU.ActiveCfg = Debug|Any CPU
		{1ADC7C14-925E-4331-8181-C92C4E3A9D20}.Debug|Any CPU.Build.0 = Debug|Any CPU
		{1ADC7C14-925E-4331-8181-C92C4E3A9D20}.Debug|x64.ActiveCfg = Debug|Any CPU
		{1ADC7C14-925E-4331-8181-C92C4E3A9D20}.Debug|x64.Build.0 = Debug|Any CPU
		{1ADC7C14-925E-4331-8181-C92C4E3A9D20}.Debug|x86.ActiveCfg = Debug|Any CPU
		{1ADC7C14-925E-4331-8181-C92C4E3A9D20}.Debug|x86.Build.0 = Debug|Any CPU
		{1ADC7C14-925E-4331-8181-C92C4E3A9D20}.Release|Any CPU.ActiveCfg = Release|Any CPU
		{1ADC7C14-925E-4331-8181-C92C4E3A9D20}.Release|Any CPU.Build.0 = Release|Any CPU
		{1ADC7C14-925E-4331-8181-C92C4E3A9D20}.Release|x64.ActiveCfg = Release|Any CPU
		{1ADC7C14-925E-4331-8181-C92C4E3A9D20}.Release|x64.Build.0 = Release|Any CPU
		{1ADC7C14-925E-4331-8181-C92C4E3A9D20}.Release|x86.ActiveCfg = Release|Any CPU
		{1ADC7C14-925E-4331-8181-C92C4E3A9D20}.Release|x86.Build.0 = Release|Any CPU
		{BFE67EA0-DCCA-420D-9D90-819A760928F6}.Debug|Any CPU.ActiveCfg = Debug|Any CPU
		{BFE67EA0-DCCA-420D-9D90-819A760928F6}.Debug|Any CPU.Build.0 = Debug|Any CPU
		{BFE67EA0-DCCA-420D-9D90-819A760928F6}.Debug|x64.ActiveCfg = Debug|Any CPU
		{BFE67EA0-DCCA-420D-9D90-819A760928F6}.Debug|x64.Build.0 = Debug|Any CPU
		{BFE67EA0-DCCA-420D-9D90-819A760928F6}.Debug|x86.ActiveCfg = Debug|Any CPU
		{BFE67EA0-DCCA-420D-9D90-819A760928F6}.Debug|x86.Build.0 = Debug|Any CPU
		{BFE67EA0-DCCA-420D-9D90-819A760928F6}.Release|Any CPU.ActiveCfg = Release|Any CPU
		{BFE67EA0-DCCA-420D-9D90-819A760928F6}.Release|Any CPU.Build.0 = Release|Any CPU
		{BFE67EA0-DCCA-420D-9D90-819A760928F6}.Release|x64.ActiveCfg = Release|Any CPU
		{BFE67EA0-DCCA-420D-9D90-819A760928F6}.Release|x64.Build.0 = Release|Any CPU
		{BFE67EA0-DCCA-420D-9D90-819A760928F6}.Release|x86.ActiveCfg = Release|Any CPU
		{BFE67EA0-DCCA-420D-9D90-819A760928F6}.Release|x86.Build.0 = Release|Any CPU
	EndGlobalSection
	GlobalSection(SolutionProperties) = preSolution
		HideSolutionNode = FALSE
	EndGlobalSection
	GlobalSection(NestedProjects) = preSolution
		{FF7D6202-F453-40CA-AE51-B2BB592F8358} = {5D20A5ED-BC45-43E7-B8F7-C97C21F40E87}
		{C0D9F74F-B980-4984-B87D-BC08C711ABD2} = {E6DFFFDA-5B10-46C7-A95A-DF0BF0C6E62C}
		{99C6B5F9-8652-4080-8E5A-48BF6C52BDB8} = {C991FA74-33CC-4AE8-9A9B-267D8B25A2BE}
		{8C6E9E6B-6659-4A47-AA72-C81E107003A8} = {C991FA74-33CC-4AE8-9A9B-267D8B25A2BE}
		{78BEE166-8C45-41E7-8CA6-C4A4FBD50988} = {E6DFFFDA-5B10-46C7-A95A-DF0BF0C6E62C}
		{1C0B93EF-63F5-451D-A8FE-7A8D916883DD} = {C991FA74-33CC-4AE8-9A9B-267D8B25A2BE}
		{BF42A5CA-E18A-4463-8645-89899F530717} = {E6DFFFDA-5B10-46C7-A95A-DF0BF0C6E62C}
		{F232AC1E-CD76-4971-9B38-0E682D6E752E} = {C991FA74-33CC-4AE8-9A9B-267D8B25A2BE}
		{7563405A-4F0D-4DE6-BEA4-FF4D0F2E5274} = {C991FA74-33CC-4AE8-9A9B-267D8B25A2BE}
		{1C4725D9-368A-4420-9AA9-7F573F26B70A} = {F02A4516-45D3-496F-828C-E0B3BA8ADD13}
		{1ADC7C14-925E-4331-8181-C92C4E3A9D20} = {F02A4516-45D3-496F-828C-E0B3BA8ADD13}
		{BFE67EA0-DCCA-420D-9D90-819A760928F6} = {F02A4516-45D3-496F-828C-E0B3BA8ADD13}
	EndGlobalSection
	GlobalSection(ExtensibilityGlobals) = postSolution
		SolutionGuid = {BEB3C79A-E97E-4AC1-B72E-4F1F1561B47C}
	EndGlobalSection
EndGlobal
