
Microsoft Visual Studio Solution File, Format Version 12.00
# Visual Studio Version 16
VisualStudioVersion = 16.0.28917.182
MinimumVisualStudioVersion = 10.0.40219.1
Project("{2150E333-8FDC-42A3-9474-1A3956D46DE8}") = "Solution Items", "Solution Items", "{C542D086-9117-4D7A-9759-68529627F695}"
	ProjectSection(SolutionItems) = preProject
		.editorconfig = .editorconfig
		.gitattributes = .gitattributes
		.gitignore = .gitignore
		.gitmodules = .gitmodules
		AllRules.ruleset = AllRules.ruleset
		Directory.Build.props = Directory.Build.props
		Directory.Meta.props = Directory.Meta.props
		Directory.Version.props = Directory.Version.props
		LICENSE = LICENSE
		nuget.config = nuget.config
	EndProjectSection
EndProject
Project("{2150E333-8FDC-42A3-9474-1A3956D46DE8}") = "src", "src", "{5D20A5ED-BC45-43E7-B8F7-C97C21F40E87}"
EndProject
Project("{9A19103F-16F7-4668-BE54-9A1E7A4F7556}") = "THNETII.EtoForms.Hosting", "src\THNETII.EtoForms.Hosting\THNETII.EtoForms.Hosting.csproj", "{FF7D6202-F453-40CA-AE51-B2BB592F8358}"
EndProject
Project("{2150E333-8FDC-42A3-9474-1A3956D46DE8}") = "prototype", "prototype", "{6049783C-45BE-4B2E-A868-6B9A7A83E8D1}"
EndProject
Project("{9A19103F-16F7-4668-BE54-9A1E7A4F7556}") = "THNETII.EtoForms.HostedSample", "prototype\THNETII.EtoForms.HostedSample\THNETII.EtoForms.HostedSample.csproj", "{6C8F0298-A092-41EE-AA34-A3A2F3D1DCF4}"
EndProject
Project("{9A19103F-16F7-4668-BE54-9A1E7A4F7556}") = "THNETII.EtoForms.HostedSample.WinForms", "prototype\THNETII.EtoForms.HostedSample.WinForms\THNETII.EtoForms.HostedSample.WinForms.csproj", "{DEAB98EE-0A11-4DBB-81DC-D18BD47A014A}"
EndProject
Project("{9A19103F-16F7-4668-BE54-9A1E7A4F7556}") = "THNETII.EtoForms.HostedSample.Wpf", "prototype\THNETII.EtoForms.HostedSample.Wpf\THNETII.EtoForms.HostedSample.Wpf.csproj", "{2853D378-F013-4737-A261-8E2094F97E40}"
EndProject
Project("{FAE04EC0-301F-11D3-BF4B-00C04F79EFBC}") = "THNETII.EtoForms.HostedSample.Gtk", "prototype\THNETII.EtoForms.HostedSample.Gtk\THNETII.EtoForms.HostedSample.Gtk.csproj", "{A939A9F0-D6EA-45BF-B1B1-B64CBC3CE9BC}"
EndProject
Project("{FAE04EC0-301F-11D3-BF4B-00C04F79EFBC}") = "THNETII.EtoForms.CrossPlatformSample", "prototype\THNETII.EtoForms.CrossPlatformSample\THNETII.EtoForms.CrossPlatformSample.csproj", "{C8C19A23-09CD-4B85-AF54-885963865A70}"
EndProject
Project("{FAE04EC0-301F-11D3-BF4B-00C04F79EFBC}") = "THNETII.EtoForms.CrossPlatformSample.Gtk", "prototype\THNETII.EtoForms.CrossPlatformSample.Gtk\THNETII.EtoForms.CrossPlatformSample.Gtk.csproj", "{3D50089A-FD5F-471F-BA76-BBA5DB5F9694}"
EndProject
Project("{FAE04EC0-301F-11D3-BF4B-00C04F79EFBC}") = "THNETII.EtoForms.CrossPlatformSample.WinForms", "prototype\THNETII.EtoForms.CrossPlatformSample.WinForms\THNETII.EtoForms.CrossPlatformSample.WinForms.csproj", "{3A78701B-B7E2-4A07-9DD9-582FA7144929}"
EndProject
Global
	GlobalSection(SolutionConfigurationPlatforms) = preSolution
		Debug|Any CPU = Debug|Any CPU
		Debug|x64 = Debug|x64
		Debug|x86 = Debug|x86
		Release|Any CPU = Release|Any CPU
		Release|x64 = Release|x64
		Release|x86 = Release|x86
	EndGlobalSection
	GlobalSection(ProjectConfigurationPlatforms) = postSolution
		{FF7D6202-F453-40CA-AE51-B2BB592F8358}.Debug|Any CPU.ActiveCfg = Debug|Any CPU
		{FF7D6202-F453-40CA-AE51-B2BB592F8358}.Debug|Any CPU.Build.0 = Debug|Any CPU
		{FF7D6202-F453-40CA-AE51-B2BB592F8358}.Debug|x64.ActiveCfg = Debug|Any CPU
		{FF7D6202-F453-40CA-AE51-B2BB592F8358}.Debug|x64.Build.0 = Debug|Any CPU
		{FF7D6202-F453-40CA-AE51-B2BB592F8358}.Debug|x86.ActiveCfg = Debug|Any CPU
		{FF7D6202-F453-40CA-AE51-B2BB592F8358}.Debug|x86.Build.0 = Debug|Any CPU
		{FF7D6202-F453-40CA-AE51-B2BB592F8358}.Release|Any CPU.ActiveCfg = Release|Any CPU
		{FF7D6202-F453-40CA-AE51-B2BB592F8358}.Release|Any CPU.Build.0 = Release|Any CPU
		{FF7D6202-F453-40CA-AE51-B2BB592F8358}.Release|x64.ActiveCfg = Release|Any CPU
		{FF7D6202-F453-40CA-AE51-B2BB592F8358}.Release|x64.Build.0 = Release|Any CPU
		{FF7D6202-F453-40CA-AE51-B2BB592F8358}.Release|x86.ActiveCfg = Release|Any CPU
		{FF7D6202-F453-40CA-AE51-B2BB592F8358}.Release|x86.Build.0 = Release|Any CPU
		{6C8F0298-A092-41EE-AA34-A3A2F3D1DCF4}.Debug|Any CPU.ActiveCfg = Debug|Any CPU
		{6C8F0298-A092-41EE-AA34-A3A2F3D1DCF4}.Debug|Any CPU.Build.0 = Debug|Any CPU
		{6C8F0298-A092-41EE-AA34-A3A2F3D1DCF4}.Debug|x64.ActiveCfg = Debug|Any CPU
		{6C8F0298-A092-41EE-AA34-A3A2F3D1DCF4}.Debug|x64.Build.0 = Debug|Any CPU
		{6C8F0298-A092-41EE-AA34-A3A2F3D1DCF4}.Debug|x86.ActiveCfg = Debug|Any CPU
		{6C8F0298-A092-41EE-AA34-A3A2F3D1DCF4}.Debug|x86.Build.0 = Debug|Any CPU
		{6C8F0298-A092-41EE-AA34-A3A2F3D1DCF4}.Release|Any CPU.ActiveCfg = Release|Any CPU
		{6C8F0298-A092-41EE-AA34-A3A2F3D1DCF4}.Release|Any CPU.Build.0 = Release|Any CPU
		{6C8F0298-A092-41EE-AA34-A3A2F3D1DCF4}.Release|x64.ActiveCfg = Release|Any CPU
		{6C8F0298-A092-41EE-AA34-A3A2F3D1DCF4}.Release|x64.Build.0 = Release|Any CPU
		{6C8F0298-A092-41EE-AA34-A3A2F3D1DCF4}.Release|x86.ActiveCfg = Release|Any CPU
		{6C8F0298-A092-41EE-AA34-A3A2F3D1DCF4}.Release|x86.Build.0 = Release|Any CPU
		{DEAB98EE-0A11-4DBB-81DC-D18BD47A014A}.Debug|Any CPU.ActiveCfg = Debug|Any CPU
		{DEAB98EE-0A11-4DBB-81DC-D18BD47A014A}.Debug|Any CPU.Build.0 = Debug|Any CPU
		{DEAB98EE-0A11-4DBB-81DC-D18BD47A014A}.Debug|x64.ActiveCfg = Debug|Any CPU
		{DEAB98EE-0A11-4DBB-81DC-D18BD47A014A}.Debug|x64.Build.0 = Debug|Any CPU
		{DEAB98EE-0A11-4DBB-81DC-D18BD47A014A}.Debug|x86.ActiveCfg = Debug|Any CPU
		{DEAB98EE-0A11-4DBB-81DC-D18BD47A014A}.Debug|x86.Build.0 = Debug|Any CPU
		{DEAB98EE-0A11-4DBB-81DC-D18BD47A014A}.Release|Any CPU.ActiveCfg = Release|Any CPU
		{DEAB98EE-0A11-4DBB-81DC-D18BD47A014A}.Release|Any CPU.Build.0 = Release|Any CPU
		{DEAB98EE-0A11-4DBB-81DC-D18BD47A014A}.Release|x64.ActiveCfg = Release|Any CPU
		{DEAB98EE-0A11-4DBB-81DC-D18BD47A014A}.Release|x64.Build.0 = Release|Any CPU
		{DEAB98EE-0A11-4DBB-81DC-D18BD47A014A}.Release|x86.ActiveCfg = Release|Any CPU
		{DEAB98EE-0A11-4DBB-81DC-D18BD47A014A}.Release|x86.Build.0 = Release|Any CPU
		{2853D378-F013-4737-A261-8E2094F97E40}.Debug|Any CPU.ActiveCfg = Debug|Any CPU
		{2853D378-F013-4737-A261-8E2094F97E40}.Debug|Any CPU.Build.0 = Debug|Any CPU
		{2853D378-F013-4737-A261-8E2094F97E40}.Debug|x64.ActiveCfg = Debug|Any CPU
		{2853D378-F013-4737-A261-8E2094F97E40}.Debug|x64.Build.0 = Debug|Any CPU
		{2853D378-F013-4737-A261-8E2094F97E40}.Debug|x86.ActiveCfg = Debug|Any CPU
		{2853D378-F013-4737-A261-8E2094F97E40}.Debug|x86.Build.0 = Debug|Any CPU
		{2853D378-F013-4737-A261-8E2094F97E40}.Release|Any CPU.ActiveCfg = Release|Any CPU
		{2853D378-F013-4737-A261-8E2094F97E40}.Release|Any CPU.Build.0 = Release|Any CPU
		{2853D378-F013-4737-A261-8E2094F97E40}.Release|x64.ActiveCfg = Release|Any CPU
		{2853D378-F013-4737-A261-8E2094F97E40}.Release|x64.Build.0 = Release|Any CPU
		{2853D378-F013-4737-A261-8E2094F97E40}.Release|x86.ActiveCfg = Release|Any CPU
		{2853D378-F013-4737-A261-8E2094F97E40}.Release|x86.Build.0 = Release|Any CPU
		{A939A9F0-D6EA-45BF-B1B1-B64CBC3CE9BC}.Debug|Any CPU.ActiveCfg = Debug|Any CPU
		{A939A9F0-D6EA-45BF-B1B1-B64CBC3CE9BC}.Debug|Any CPU.Build.0 = Debug|Any CPU
		{A939A9F0-D6EA-45BF-B1B1-B64CBC3CE9BC}.Debug|x64.ActiveCfg = Debug|Any CPU
		{A939A9F0-D6EA-45BF-B1B1-B64CBC3CE9BC}.Debug|x64.Build.0 = Debug|Any CPU
		{A939A9F0-D6EA-45BF-B1B1-B64CBC3CE9BC}.Debug|x86.ActiveCfg = Debug|Any CPU
		{A939A9F0-D6EA-45BF-B1B1-B64CBC3CE9BC}.Debug|x86.Build.0 = Debug|Any CPU
		{A939A9F0-D6EA-45BF-B1B1-B64CBC3CE9BC}.Release|Any CPU.ActiveCfg = Release|Any CPU
		{A939A9F0-D6EA-45BF-B1B1-B64CBC3CE9BC}.Release|Any CPU.Build.0 = Release|Any CPU
		{A939A9F0-D6EA-45BF-B1B1-B64CBC3CE9BC}.Release|x64.ActiveCfg = Release|Any CPU
		{A939A9F0-D6EA-45BF-B1B1-B64CBC3CE9BC}.Release|x64.Build.0 = Release|Any CPU
		{A939A9F0-D6EA-45BF-B1B1-B64CBC3CE9BC}.Release|x86.ActiveCfg = Release|Any CPU
		{A939A9F0-D6EA-45BF-B1B1-B64CBC3CE9BC}.Release|x86.Build.0 = Release|Any CPU
		{C8C19A23-09CD-4B85-AF54-885963865A70}.Debug|Any CPU.ActiveCfg = Debug|Any CPU
		{C8C19A23-09CD-4B85-AF54-885963865A70}.Debug|Any CPU.Build.0 = Debug|Any CPU
		{C8C19A23-09CD-4B85-AF54-885963865A70}.Debug|x64.ActiveCfg = Debug|Any CPU
		{C8C19A23-09CD-4B85-AF54-885963865A70}.Debug|x64.Build.0 = Debug|Any CPU
		{C8C19A23-09CD-4B85-AF54-885963865A70}.Debug|x86.ActiveCfg = Debug|Any CPU
		{C8C19A23-09CD-4B85-AF54-885963865A70}.Debug|x86.Build.0 = Debug|Any CPU
		{C8C19A23-09CD-4B85-AF54-885963865A70}.Release|Any CPU.ActiveCfg = Release|Any CPU
		{C8C19A23-09CD-4B85-AF54-885963865A70}.Release|Any CPU.Build.0 = Release|Any CPU
		{C8C19A23-09CD-4B85-AF54-885963865A70}.Release|x64.ActiveCfg = Release|Any CPU
		{C8C19A23-09CD-4B85-AF54-885963865A70}.Release|x64.Build.0 = Release|Any CPU
		{C8C19A23-09CD-4B85-AF54-885963865A70}.Release|x86.ActiveCfg = Release|Any CPU
		{C8C19A23-09CD-4B85-AF54-885963865A70}.Release|x86.Build.0 = Release|Any CPU
		{3D50089A-FD5F-471F-BA76-BBA5DB5F9694}.Debug|Any CPU.ActiveCfg = Debug|Any CPU
		{3D50089A-FD5F-471F-BA76-BBA5DB5F9694}.Debug|Any CPU.Build.0 = Debug|Any CPU
		{3D50089A-FD5F-471F-BA76-BBA5DB5F9694}.Debug|x64.ActiveCfg = Debug|Any CPU
		{3D50089A-FD5F-471F-BA76-BBA5DB5F9694}.Debug|x64.Build.0 = Debug|Any CPU
		{3D50089A-FD5F-471F-BA76-BBA5DB5F9694}.Debug|x86.ActiveCfg = Debug|Any CPU
		{3D50089A-FD5F-471F-BA76-BBA5DB5F9694}.Debug|x86.Build.0 = Debug|Any CPU
		{3D50089A-FD5F-471F-BA76-BBA5DB5F9694}.Release|Any CPU.ActiveCfg = Release|Any CPU
		{3D50089A-FD5F-471F-BA76-BBA5DB5F9694}.Release|Any CPU.Build.0 = Release|Any CPU
		{3D50089A-FD5F-471F-BA76-BBA5DB5F9694}.Release|x64.ActiveCfg = Release|Any CPU
		{3D50089A-FD5F-471F-BA76-BBA5DB5F9694}.Release|x64.Build.0 = Release|Any CPU
		{3D50089A-FD5F-471F-BA76-BBA5DB5F9694}.Release|x86.ActiveCfg = Release|Any CPU
		{3D50089A-FD5F-471F-BA76-BBA5DB5F9694}.Release|x86.Build.0 = Release|Any CPU
		{3A78701B-B7E2-4A07-9DD9-582FA7144929}.Debug|Any CPU.ActiveCfg = Debug|Any CPU
		{3A78701B-B7E2-4A07-9DD9-582FA7144929}.Debug|Any CPU.Build.0 = Debug|Any CPU
		{3A78701B-B7E2-4A07-9DD9-582FA7144929}.Debug|x64.ActiveCfg = Debug|Any CPU
		{3A78701B-B7E2-4A07-9DD9-582FA7144929}.Debug|x64.Build.0 = Debug|Any CPU
		{3A78701B-B7E2-4A07-9DD9-582FA7144929}.Debug|x86.ActiveCfg = Debug|Any CPU
		{3A78701B-B7E2-4A07-9DD9-582FA7144929}.Debug|x86.Build.0 = Debug|Any CPU
		{3A78701B-B7E2-4A07-9DD9-582FA7144929}.Release|Any CPU.ActiveCfg = Release|Any CPU
		{3A78701B-B7E2-4A07-9DD9-582FA7144929}.Release|Any CPU.Build.0 = Release|Any CPU
		{3A78701B-B7E2-4A07-9DD9-582FA7144929}.Release|x64.ActiveCfg = Release|Any CPU
		{3A78701B-B7E2-4A07-9DD9-582FA7144929}.Release|x64.Build.0 = Release|Any CPU
		{3A78701B-B7E2-4A07-9DD9-582FA7144929}.Release|x86.ActiveCfg = Release|Any CPU
		{3A78701B-B7E2-4A07-9DD9-582FA7144929}.Release|x86.Build.0 = Release|Any CPU
	EndGlobalSection
	GlobalSection(SolutionProperties) = preSolution
		HideSolutionNode = FALSE
	EndGlobalSection
	GlobalSection(NestedProjects) = preSolution
		{FF7D6202-F453-40CA-AE51-B2BB592F8358} = {5D20A5ED-BC45-43E7-B8F7-C97C21F40E87}
		{6C8F0298-A092-41EE-AA34-A3A2F3D1DCF4} = {6049783C-45BE-4B2E-A868-6B9A7A83E8D1}
		{DEAB98EE-0A11-4DBB-81DC-D18BD47A014A} = {6049783C-45BE-4B2E-A868-6B9A7A83E8D1}
		{2853D378-F013-4737-A261-8E2094F97E40} = {6049783C-45BE-4B2E-A868-6B9A7A83E8D1}
		{A939A9F0-D6EA-45BF-B1B1-B64CBC3CE9BC} = {6049783C-45BE-4B2E-A868-6B9A7A83E8D1}
		{C8C19A23-09CD-4B85-AF54-885963865A70} = {6049783C-45BE-4B2E-A868-6B9A7A83E8D1}
		{3D50089A-FD5F-471F-BA76-BBA5DB5F9694} = {6049783C-45BE-4B2E-A868-6B9A7A83E8D1}
		{3A78701B-B7E2-4A07-9DD9-582FA7144929} = {6049783C-45BE-4B2E-A868-6B9A7A83E8D1}
	EndGlobalSection
	GlobalSection(ExtensibilityGlobals) = postSolution
		SolutionGuid = {BEB3C79A-E97E-4AC1-B72E-4F1F1561B47C}
	EndGlobalSection
EndGlobal
