
Microsoft Visual Studio Solution File, Format Version 12.00
# Visual Studio Version 16
VisualStudioVersion = 16.0.28917.182
MinimumVisualStudioVersion = 10.0.40219.1
Project("{2150E333-8FDC-42A3-9474-1A3956D46DE8}") = "Solution Items", "Solution Items", "{C542D086-9117-4D7A-9759-68529627F695}"
	ProjectSection(SolutionItems) = preProject
		.editorconfig = .editorconfig
		.gitattributes = .gitattributes
		.gitignore = .gitignore
		.gitmodules = .gitmodules
		AllRules.ruleset = AllRules.ruleset
		Directory.Build.props = Directory.Build.props
		Directory.Meta.props = Directory.Meta.props
		Directory.Version.props = Directory.Version.props
		LICENSE = LICENSE
		nuget.config = nuget.config
	EndProjectSection
EndProject
Project("{2150E333-8FDC-42A3-9474-1A3956D46DE8}") = "src", "src", "{5D20A5ED-BC45-43E7-B8F7-C97C21F40E87}"
EndProject
Project("{9A19103F-16F7-4668-BE54-9A1E7A4F7556}") = "THNETII.EtoForms.Hosting", "src\THNETII.EtoForms.Hosting\THNETII.EtoForms.Hosting.csproj", "{FF7D6202-F453-40CA-AE51-B2BB592F8358}"
EndProject
Project("{2150E333-8FDC-42A3-9474-1A3956D46DE8}") = "sample", "sample", "{E6DFFFDA-5B10-46C7-A95A-DF0BF0C6E62C}"
EndProject
Project("{FAE04EC0-301F-11D3-BF4B-00C04F79EFBC}") = "THNETII.EtoForms.HostedSample", "sample\THNETII.EtoForms.HostedSample\THNETII.EtoForms.HostedSample.csproj", "{C0D9F74F-B980-4984-B87D-BC08C711ABD2}"
EndProject
Project("{FAE04EC0-301F-11D3-BF4B-00C04F79EFBC}") = "THNETII.EtoForms.HostedSample.Gtk", "sample\THNETII.EtoForms.HostedSample.Gtk\THNETII.EtoForms.HostedSample.Gtk.csproj", "{42691DE2-AA60-4FE5-8BFF-634A848549E7}"
EndProject
Project("{FAE04EC0-301F-11D3-BF4B-00C04F79EFBC}") = "THNETII.EtoForms.HostedSample.WinForms", "sample\THNETII.EtoForms.HostedSample.WinForms\THNETII.EtoForms.HostedSample.WinForms.csproj", "{1209667F-B681-4162-93E1-DD610D05EBB2}"
EndProject
Project("{FAE04EC0-301F-11D3-BF4B-00C04F79EFBC}") = "THNETII.EtoForms.HostedSample.Wpf", "sample\THNETII.EtoForms.HostedSample.Wpf\THNETII.EtoForms.HostedSample.Wpf.csproj", "{140C172F-DBA3-482A-848D-2AADD6B142F2}"
EndProject
Global
	GlobalSection(SolutionConfigurationPlatforms) = preSolution
		Debug|Any CPU = Debug|Any CPU
		Debug|x64 = Debug|x64
		Debug|x86 = Debug|x86
		Release|Any CPU = Release|Any CPU
		Release|x64 = Release|x64
		Release|x86 = Release|x86
	EndGlobalSection
	GlobalSection(ProjectConfigurationPlatforms) = postSolution
		{FF7D6202-F453-40CA-AE51-B2BB592F8358}.Debug|Any CPU.ActiveCfg = Debug|Any CPU
		{FF7D6202-F453-40CA-AE51-B2BB592F8358}.Debug|Any CPU.Build.0 = Debug|Any CPU
		{FF7D6202-F453-40CA-AE51-B2BB592F8358}.Debug|x64.ActiveCfg = Debug|Any CPU
		{FF7D6202-F453-40CA-AE51-B2BB592F8358}.Debug|x64.Build.0 = Debug|Any CPU
		{FF7D6202-F453-40CA-AE51-B2BB592F8358}.Debug|x86.ActiveCfg = Debug|Any CPU
		{FF7D6202-F453-40CA-AE51-B2BB592F8358}.Debug|x86.Build.0 = Debug|Any CPU
		{FF7D6202-F453-40CA-AE51-B2BB592F8358}.Release|Any CPU.ActiveCfg = Release|Any CPU
		{FF7D6202-F453-40CA-AE51-B2BB592F8358}.Release|Any CPU.Build.0 = Release|Any CPU
		{FF7D6202-F453-40CA-AE51-B2BB592F8358}.Release|x64.ActiveCfg = Release|Any CPU
		{FF7D6202-F453-40CA-AE51-B2BB592F8358}.Release|x64.Build.0 = Release|Any CPU
		{FF7D6202-F453-40CA-AE51-B2BB592F8358}.Release|x86.ActiveCfg = Release|Any CPU
		{FF7D6202-F453-40CA-AE51-B2BB592F8358}.Release|x86.Build.0 = Release|Any CPU
		{C0D9F74F-B980-4984-B87D-BC08C711ABD2}.Debug|Any CPU.ActiveCfg = Debug|Any CPU
		{C0D9F74F-B980-4984-B87D-BC08C711ABD2}.Debug|Any CPU.Build.0 = Debug|Any CPU
		{C0D9F74F-B980-4984-B87D-BC08C711ABD2}.Debug|x64.ActiveCfg = Debug|Any CPU
		{C0D9F74F-B980-4984-B87D-BC08C711ABD2}.Debug|x64.Build.0 = Debug|Any CPU
		{C0D9F74F-B980-4984-B87D-BC08C711ABD2}.Debug|x86.ActiveCfg = Debug|Any CPU
		{C0D9F74F-B980-4984-B87D-BC08C711ABD2}.Debug|x86.Build.0 = Debug|Any CPU
		{C0D9F74F-B980-4984-B87D-BC08C711ABD2}.Release|Any CPU.ActiveCfg = Release|Any CPU
		{C0D9F74F-B980-4984-B87D-BC08C711ABD2}.Release|Any CPU.Build.0 = Release|Any CPU
		{C0D9F74F-B980-4984-B87D-BC08C711ABD2}.Release|x64.ActiveCfg = Release|Any CPU
		{C0D9F74F-B980-4984-B87D-BC08C711ABD2}.Release|x64.Build.0 = Release|Any CPU
		{C0D9F74F-B980-4984-B87D-BC08C711ABD2}.Release|x86.ActiveCfg = Release|Any CPU
		{C0D9F74F-B980-4984-B87D-BC08C711ABD2}.Release|x86.Build.0 = Release|Any CPU
		{42691DE2-AA60-4FE5-8BFF-634A848549E7}.Debug|Any CPU.ActiveCfg = Debug|Any CPU
		{42691DE2-AA60-4FE5-8BFF-634A848549E7}.Debug|Any CPU.Build.0 = Debug|Any CPU
		{42691DE2-AA60-4FE5-8BFF-634A848549E7}.Debug|x64.ActiveCfg = Debug|Any CPU
		{42691DE2-AA60-4FE5-8BFF-634A848549E7}.Debug|x64.Build.0 = Debug|Any CPU
		{42691DE2-AA60-4FE5-8BFF-634A848549E7}.Debug|x86.ActiveCfg = Debug|Any CPU
		{42691DE2-AA60-4FE5-8BFF-634A848549E7}.Debug|x86.Build.0 = Debug|Any CPU
		{42691DE2-AA60-4FE5-8BFF-634A848549E7}.Release|Any CPU.ActiveCfg = Release|Any CPU
		{42691DE2-AA60-4FE5-8BFF-634A848549E7}.Release|Any CPU.Build.0 = Release|Any CPU
		{42691DE2-AA60-4FE5-8BFF-634A848549E7}.Release|x64.ActiveCfg = Release|Any CPU
		{42691DE2-AA60-4FE5-8BFF-634A848549E7}.Release|x64.Build.0 = Release|Any CPU
		{42691DE2-AA60-4FE5-8BFF-634A848549E7}.Release|x86.ActiveCfg = Release|Any CPU
		{42691DE2-AA60-4FE5-8BFF-634A848549E7}.Release|x86.Build.0 = Release|Any CPU
		{1209667F-B681-4162-93E1-DD610D05EBB2}.Debug|Any CPU.ActiveCfg = Debug|Any CPU
		{1209667F-B681-4162-93E1-DD610D05EBB2}.Debug|Any CPU.Build.0 = Debug|Any CPU
		{1209667F-B681-4162-93E1-DD610D05EBB2}.Debug|x64.ActiveCfg = Debug|Any CPU
		{1209667F-B681-4162-93E1-DD610D05EBB2}.Debug|x64.Build.0 = Debug|Any CPU
		{1209667F-B681-4162-93E1-DD610D05EBB2}.Debug|x86.ActiveCfg = Debug|Any CPU
		{1209667F-B681-4162-93E1-DD610D05EBB2}.Debug|x86.Build.0 = Debug|Any CPU
		{1209667F-B681-4162-93E1-DD610D05EBB2}.Release|Any CPU.ActiveCfg = Release|Any CPU
		{1209667F-B681-4162-93E1-DD610D05EBB2}.Release|Any CPU.Build.0 = Release|Any CPU
		{1209667F-B681-4162-93E1-DD610D05EBB2}.Release|x64.ActiveCfg = Release|Any CPU
		{1209667F-B681-4162-93E1-DD610D05EBB2}.Release|x64.Build.0 = Release|Any CPU
		{1209667F-B681-4162-93E1-DD610D05EBB2}.Release|x86.ActiveCfg = Release|Any CPU
		{1209667F-B681-4162-93E1-DD610D05EBB2}.Release|x86.Build.0 = Release|Any CPU
		{140C172F-DBA3-482A-848D-2AADD6B142F2}.Debug|Any CPU.ActiveCfg = Debug|Any CPU
		{140C172F-DBA3-482A-848D-2AADD6B142F2}.Debug|Any CPU.Build.0 = Debug|Any CPU
		{140C172F-DBA3-482A-848D-2AADD6B142F2}.Debug|x64.ActiveCfg = Debug|Any CPU
		{140C172F-DBA3-482A-848D-2AADD6B142F2}.Debug|x64.Build.0 = Debug|Any CPU
		{140C172F-DBA3-482A-848D-2AADD6B142F2}.Debug|x86.ActiveCfg = Debug|Any CPU
		{140C172F-DBA3-482A-848D-2AADD6B142F2}.Debug|x86.Build.0 = Debug|Any CPU
		{140C172F-DBA3-482A-848D-2AADD6B142F2}.Release|Any CPU.ActiveCfg = Release|Any CPU
		{140C172F-DBA3-482A-848D-2AADD6B142F2}.Release|Any CPU.Build.0 = Release|Any CPU
		{140C172F-DBA3-482A-848D-2AADD6B142F2}.Release|x64.ActiveCfg = Release|Any CPU
		{140C172F-DBA3-482A-848D-2AADD6B142F2}.Release|x64.Build.0 = Release|Any CPU
		{140C172F-DBA3-482A-848D-2AADD6B142F2}.Release|x86.ActiveCfg = Release|Any CPU
		{140C172F-DBA3-482A-848D-2AADD6B142F2}.Release|x86.Build.0 = Release|Any CPU
	EndGlobalSection
	GlobalSection(SolutionProperties) = preSolution
		HideSolutionNode = FALSE
	EndGlobalSection
	GlobalSection(NestedProjects) = preSolution
		{FF7D6202-F453-40CA-AE51-B2BB592F8358} = {5D20A5ED-BC45-43E7-B8F7-C97C21F40E87}
		{C0D9F74F-B980-4984-B87D-BC08C711ABD2} = {E6DFFFDA-5B10-46C7-A95A-DF0BF0C6E62C}
		{42691DE2-AA60-4FE5-8BFF-634A848549E7} = {E6DFFFDA-5B10-46C7-A95A-DF0BF0C6E62C}
		{1209667F-B681-4162-93E1-DD610D05EBB2} = {E6DFFFDA-5B10-46C7-A95A-DF0BF0C6E62C}
		{140C172F-DBA3-482A-848D-2AADD6B142F2} = {E6DFFFDA-5B10-46C7-A95A-DF0BF0C6E62C}
	EndGlobalSection
	GlobalSection(ExtensibilityGlobals) = postSolution
		SolutionGuid = {BEB3C79A-E97E-4AC1-B72E-4F1F1561B47C}
	EndGlobalSection
EndGlobal
