
Microsoft Visual Studio Solution File, Format Version 12.00
# Visual Studio 15
VisualStudioVersion = 15.0.26124.0
MinimumVisualStudioVersion = 15.0.26124.0
Project("{FAE04EC0-301F-11D3-BF4B-00C04F79EFBC}") = "THNETII.EtoForms.CmdParserHostedSample.WinForms", "THNETII.EtoForms.CmdParserHostedSample.WinForms\THNETII.EtoForms.CmdParserHostedSample.WinForms.csproj", "{BE1DAC26-74CC-4BD5-A6B5-A63B20E36B61}"
EndProject
Project("{FAE04EC0-301F-11D3-BF4B-00C04F79EFBC}") = "THNETII.EtoForms.CmdParserHostedSample.Wpf", "THNETII.EtoForms.CmdParserHostedSample.Wpf\THNETII.EtoForms.CmdParserHostedSample.Wpf.csproj", "{C628D59D-041B-4E0A-8A9E-8F3F17245349}"
EndProject
Project("{FAE04EC0-301F-11D3-BF4B-00C04F79EFBC}") = "THNETII.EtoForms.ControlsSample.WinForms", "THNETII.EtoForms.ControlsSample.WinForms\THNETII.EtoForms.ControlsSample.WinForms.csproj", "{AB8590F4-EB01-4D10-86A4-C29A0B5ACF5A}"
EndProject
Project("{FAE04EC0-301F-11D3-BF4B-00C04F79EFBC}") = "THNETII.EtoForms.CrossPlatformSample.WinForms", "THNETII.EtoForms.CrossPlatformSample.WinForms\THNETII.EtoForms.CrossPlatformSample.WinForms.csproj", "{3C3DCA46-CE96-497F-9AD5-310B72467F24}"
EndProject
Project("{FAE04EC0-301F-11D3-BF4B-00C04F79EFBC}") = "THNETII.EtoForms.HostedSample.WinForms", "THNETII.EtoForms.HostedSample.WinForms\THNETII.EtoForms.HostedSample.WinForms.csproj", "{A78856A9-7770-4637-AE35-26C4AECA0013}"
EndProject
Project("{FAE04EC0-301F-11D3-BF4B-00C04F79EFBC}") = "THNETII.EtoForms.HostedSample.Wpf", "THNETII.EtoForms.HostedSample.Wpf\THNETII.EtoForms.HostedSample.Wpf.csproj", "{C6524526-0B05-4458-9103-990A0D090F5B}"
EndProject
Project("{FAE04EC0-301F-11D3-BF4B-00C04F79EFBC}") = "THNETII.EtoForms.CmdParserHostedSample", "..\sample\THNETII.EtoForms.CmdParserHostedSample\THNETII.EtoForms.CmdParserHostedSample.csproj", "{7CD9AFE5-04DB-4886-B6B6-42B7E3EAA08B}"
EndProject
Project("{FAE04EC0-301F-11D3-BF4B-00C04F79EFBC}") = "THNETII.EtoForms.ControlsSample", "..\sample\THNETII.EtoForms.ControlsSample\THNETII.EtoForms.ControlsSample.csproj", "{29DA0269-BF73-4153-8A3F-EBDE8FAEB879}"
EndProject
Project("{FAE04EC0-301F-11D3-BF4B-00C04F79EFBC}") = "THNETII.EtoForms.CrossPlatformSample", "..\sample\THNETII.EtoForms.CrossPlatformSample\THNETII.EtoForms.CrossPlatformSample.csproj", "{AB512488-09D1-4BEC-AB18-04431B8F267A}"
EndProject
Project("{FAE04EC0-301F-11D3-BF4B-00C04F79EFBC}") = "THNETII.EtoForms.HostedSample", "..\sample\THNETII.EtoForms.HostedSample\THNETII.EtoForms.HostedSample.csproj", "{248306E8-CD49-4F66-AC3D-F89AF3BAAD3E}"
EndProject
Project("{FAE04EC0-301F-11D3-BF4B-00C04F79EFBC}") = "THNETII.EtoForms.Controls", "..\src\THNETII.EtoForms.Controls\THNETII.EtoForms.Controls.csproj", "{6BB13129-F8AF-4468-ADFD-B51330EF0861}"
EndProject
Project("{FAE04EC0-301F-11D3-BF4B-00C04F79EFBC}") = "THNETII.EtoForms.Hosting", "..\src\THNETII.EtoForms.Hosting\THNETII.EtoForms.Hosting.csproj", "{CDBFE8D4-58F4-4E16-8A4C-214254248750}"
EndProject
Global
	GlobalSection(SolutionConfigurationPlatforms) = preSolution
		Debug|Any CPU = Debug|Any CPU
		Debug|x64 = Debug|x64
		Debug|x86 = Debug|x86
		Release|Any CPU = Release|Any CPU
		Release|x64 = Release|x64
		Release|x86 = Release|x86
	EndGlobalSection
	GlobalSection(SolutionProperties) = preSolution
		HideSolutionNode = FALSE
	EndGlobalSection
	GlobalSection(ProjectConfigurationPlatforms) = postSolution
		{BE1DAC26-74CC-4BD5-A6B5-A63B20E36B61}.Debug|Any CPU.ActiveCfg = Debug|Any CPU
		{BE1DAC26-74CC-4BD5-A6B5-A63B20E36B61}.Debug|Any CPU.Build.0 = Debug|Any CPU
		{BE1DAC26-74CC-4BD5-A6B5-A63B20E36B61}.Debug|x64.ActiveCfg = Debug|Any CPU
		{BE1DAC26-74CC-4BD5-A6B5-A63B20E36B61}.Debug|x64.Build.0 = Debug|Any CPU
		{BE1DAC26-74CC-4BD5-A6B5-A63B20E36B61}.Debug|x86.ActiveCfg = Debug|Any CPU
		{BE1DAC26-74CC-4BD5-A6B5-A63B20E36B61}.Debug|x86.Build.0 = Debug|Any CPU
		{BE1DAC26-74CC-4BD5-A6B5-A63B20E36B61}.Release|Any CPU.ActiveCfg = Release|Any CPU
		{BE1DAC26-74CC-4BD5-A6B5-A63B20E36B61}.Release|Any CPU.Build.0 = Release|Any CPU
		{BE1DAC26-74CC-4BD5-A6B5-A63B20E36B61}.Release|x64.ActiveCfg = Release|Any CPU
		{BE1DAC26-74CC-4BD5-A6B5-A63B20E36B61}.Release|x64.Build.0 = Release|Any CPU
		{BE1DAC26-74CC-4BD5-A6B5-A63B20E36B61}.Release|x86.ActiveCfg = Release|Any CPU
		{BE1DAC26-74CC-4BD5-A6B5-A63B20E36B61}.Release|x86.Build.0 = Release|Any CPU
		{C628D59D-041B-4E0A-8A9E-8F3F17245349}.Debug|Any CPU.ActiveCfg = Debug|Any CPU
		{C628D59D-041B-4E0A-8A9E-8F3F17245349}.Debug|Any CPU.Build.0 = Debug|Any CPU
		{C628D59D-041B-4E0A-8A9E-8F3F17245349}.Debug|x64.ActiveCfg = Debug|Any CPU
		{C628D59D-041B-4E0A-8A9E-8F3F17245349}.Debug|x64.Build.0 = Debug|Any CPU
		{C628D59D-041B-4E0A-8A9E-8F3F17245349}.Debug|x86.ActiveCfg = Debug|Any CPU
		{C628D59D-041B-4E0A-8A9E-8F3F17245349}.Debug|x86.Build.0 = Debug|Any CPU
		{C628D59D-041B-4E0A-8A9E-8F3F17245349}.Release|Any CPU.ActiveCfg = Release|Any CPU
		{C628D59D-041B-4E0A-8A9E-8F3F17245349}.Release|Any CPU.Build.0 = Release|Any CPU
		{C628D59D-041B-4E0A-8A9E-8F3F17245349}.Release|x64.ActiveCfg = Release|Any CPU
		{C628D59D-041B-4E0A-8A9E-8F3F17245349}.Release|x64.Build.0 = Release|Any CPU
		{C628D59D-041B-4E0A-8A9E-8F3F17245349}.Release|x86.ActiveCfg = Release|Any CPU
		{C628D59D-041B-4E0A-8A9E-8F3F17245349}.Release|x86.Build.0 = Release|Any CPU
		{AB8590F4-EB01-4D10-86A4-C29A0B5ACF5A}.Debug|Any CPU.ActiveCfg = Debug|Any CPU
		{AB8590F4-EB01-4D10-86A4-C29A0B5ACF5A}.Debug|Any CPU.Build.0 = Debug|Any CPU
		{AB8590F4-EB01-4D10-86A4-C29A0B5ACF5A}.Debug|x64.ActiveCfg = Debug|Any CPU
		{AB8590F4-EB01-4D10-86A4-C29A0B5ACF5A}.Debug|x64.Build.0 = Debug|Any CPU
		{AB8590F4-EB01-4D10-86A4-C29A0B5ACF5A}.Debug|x86.ActiveCfg = Debug|Any CPU
		{AB8590F4-EB01-4D10-86A4-C29A0B5ACF5A}.Debug|x86.Build.0 = Debug|Any CPU
		{AB8590F4-EB01-4D10-86A4-C29A0B5ACF5A}.Release|Any CPU.ActiveCfg = Release|Any CPU
		{AB8590F4-EB01-4D10-86A4-C29A0B5ACF5A}.Release|Any CPU.Build.0 = Release|Any CPU
		{AB8590F4-EB01-4D10-86A4-C29A0B5ACF5A}.Release|x64.ActiveCfg = Release|Any CPU
		{AB8590F4-EB01-4D10-86A4-C29A0B5ACF5A}.Release|x64.Build.0 = Release|Any CPU
		{AB8590F4-EB01-4D10-86A4-C29A0B5ACF5A}.Release|x86.ActiveCfg = Release|Any CPU
		{AB8590F4-EB01-4D10-86A4-C29A0B5ACF5A}.Release|x86.Build.0 = Release|Any CPU
		{3C3DCA46-CE96-497F-9AD5-310B72467F24}.Debug|Any CPU.ActiveCfg = Debug|Any CPU
		{3C3DCA46-CE96-497F-9AD5-310B72467F24}.Debug|Any CPU.Build.0 = Debug|Any CPU
		{3C3DCA46-CE96-497F-9AD5-310B72467F24}.Debug|x64.ActiveCfg = Debug|Any CPU
		{3C3DCA46-CE96-497F-9AD5-310B72467F24}.Debug|x64.Build.0 = Debug|Any CPU
		{3C3DCA46-CE96-497F-9AD5-310B72467F24}.Debug|x86.ActiveCfg = Debug|Any CPU
		{3C3DCA46-CE96-497F-9AD5-310B72467F24}.Debug|x86.Build.0 = Debug|Any CPU
		{3C3DCA46-CE96-497F-9AD5-310B72467F24}.Release|Any CPU.ActiveCfg = Release|Any CPU
		{3C3DCA46-CE96-497F-9AD5-310B72467F24}.Release|Any CPU.Build.0 = Release|Any CPU
		{3C3DCA46-CE96-497F-9AD5-310B72467F24}.Release|x64.ActiveCfg = Release|Any CPU
		{3C3DCA46-CE96-497F-9AD5-310B72467F24}.Release|x64.Build.0 = Release|Any CPU
		{3C3DCA46-CE96-497F-9AD5-310B72467F24}.Release|x86.ActiveCfg = Release|Any CPU
		{3C3DCA46-CE96-497F-9AD5-310B72467F24}.Release|x86.Build.0 = Release|Any CPU
		{A78856A9-7770-4637-AE35-26C4AECA0013}.Debug|Any CPU.ActiveCfg = Debug|Any CPU
		{A78856A9-7770-4637-AE35-26C4AECA0013}.Debug|Any CPU.Build.0 = Debug|Any CPU
		{A78856A9-7770-4637-AE35-26C4AECA0013}.Debug|x64.ActiveCfg = Debug|Any CPU
		{A78856A9-7770-4637-AE35-26C4AECA0013}.Debug|x64.Build.0 = Debug|Any CPU
		{A78856A9-7770-4637-AE35-26C4AECA0013}.Debug|x86.ActiveCfg = Debug|Any CPU
		{A78856A9-7770-4637-AE35-26C4AECA0013}.Debug|x86.Build.0 = Debug|Any CPU
		{A78856A9-7770-4637-AE35-26C4AECA0013}.Release|Any CPU.ActiveCfg = Release|Any CPU
		{A78856A9-7770-4637-AE35-26C4AECA0013}.Release|Any CPU.Build.0 = Release|Any CPU
		{A78856A9-7770-4637-AE35-26C4AECA0013}.Release|x64.ActiveCfg = Release|Any CPU
		{A78856A9-7770-4637-AE35-26C4AECA0013}.Release|x64.Build.0 = Release|Any CPU
		{A78856A9-7770-4637-AE35-26C4AECA0013}.Release|x86.ActiveCfg = Release|Any CPU
		{A78856A9-7770-4637-AE35-26C4AECA0013}.Release|x86.Build.0 = Release|Any CPU
		{C6524526-0B05-4458-9103-990A0D090F5B}.Debug|Any CPU.ActiveCfg = Debug|Any CPU
		{C6524526-0B05-4458-9103-990A0D090F5B}.Debug|Any CPU.Build.0 = Debug|Any CPU
		{C6524526-0B05-4458-9103-990A0D090F5B}.Debug|x64.ActiveCfg = Debug|Any CPU
		{C6524526-0B05-4458-9103-990A0D090F5B}.Debug|x64.Build.0 = Debug|Any CPU
		{C6524526-0B05-4458-9103-990A0D090F5B}.Debug|x86.ActiveCfg = Debug|Any CPU
		{C6524526-0B05-4458-9103-990A0D090F5B}.Debug|x86.Build.0 = Debug|Any CPU
		{C6524526-0B05-4458-9103-990A0D090F5B}.Release|Any CPU.ActiveCfg = Release|Any CPU
		{C6524526-0B05-4458-9103-990A0D090F5B}.Release|Any CPU.Build.0 = Release|Any CPU
		{C6524526-0B05-4458-9103-990A0D090F5B}.Release|x64.ActiveCfg = Release|Any CPU
		{C6524526-0B05-4458-9103-990A0D090F5B}.Release|x64.Build.0 = Release|Any CPU
		{C6524526-0B05-4458-9103-990A0D090F5B}.Release|x86.ActiveCfg = Release|Any CPU
		{C6524526-0B05-4458-9103-990A0D090F5B}.Release|x86.Build.0 = Release|Any CPU
		{7CD9AFE5-04DB-4886-B6B6-42B7E3EAA08B}.Debug|Any CPU.ActiveCfg = Debug|Any CPU
		{7CD9AFE5-04DB-4886-B6B6-42B7E3EAA08B}.Debug|Any CPU.Build.0 = Debug|Any CPU
		{7CD9AFE5-04DB-4886-B6B6-42B7E3EAA08B}.Debug|x64.ActiveCfg = Debug|Any CPU
		{7CD9AFE5-04DB-4886-B6B6-42B7E3EAA08B}.Debug|x64.Build.0 = Debug|Any CPU
		{7CD9AFE5-04DB-4886-B6B6-42B7E3EAA08B}.Debug|x86.ActiveCfg = Debug|Any CPU
		{7CD9AFE5-04DB-4886-B6B6-42B7E3EAA08B}.Debug|x86.Build.0 = Debug|Any CPU
		{7CD9AFE5-04DB-4886-B6B6-42B7E3EAA08B}.Release|Any CPU.ActiveCfg = Release|Any CPU
		{7CD9AFE5-04DB-4886-B6B6-42B7E3EAA08B}.Release|Any CPU.Build.0 = Release|Any CPU
		{7CD9AFE5-04DB-4886-B6B6-42B7E3EAA08B}.Release|x64.ActiveCfg = Release|Any CPU
		{7CD9AFE5-04DB-4886-B6B6-42B7E3EAA08B}.Release|x64.Build.0 = Release|Any CPU
		{7CD9AFE5-04DB-4886-B6B6-42B7E3EAA08B}.Release|x86.ActiveCfg = Release|Any CPU
		{7CD9AFE5-04DB-4886-B6B6-42B7E3EAA08B}.Release|x86.Build.0 = Release|Any CPU
		{29DA0269-BF73-4153-8A3F-EBDE8FAEB879}.Debug|Any CPU.ActiveCfg = Debug|Any CPU
		{29DA0269-BF73-4153-8A3F-EBDE8FAEB879}.Debug|Any CPU.Build.0 = Debug|Any CPU
		{29DA0269-BF73-4153-8A3F-EBDE8FAEB879}.Debug|x64.ActiveCfg = Debug|Any CPU
		{29DA0269-BF73-4153-8A3F-EBDE8FAEB879}.Debug|x64.Build.0 = Debug|Any CPU
		{29DA0269-BF73-4153-8A3F-EBDE8FAEB879}.Debug|x86.ActiveCfg = Debug|Any CPU
		{29DA0269-BF73-4153-8A3F-EBDE8FAEB879}.Debug|x86.Build.0 = Debug|Any CPU
		{29DA0269-BF73-4153-8A3F-EBDE8FAEB879}.Release|Any CPU.ActiveCfg = Release|Any CPU
		{29DA0269-BF73-4153-8A3F-EBDE8FAEB879}.Release|Any CPU.Build.0 = Release|Any CPU
		{29DA0269-BF73-4153-8A3F-EBDE8FAEB879}.Release|x64.ActiveCfg = Release|Any CPU
		{29DA0269-BF73-4153-8A3F-EBDE8FAEB879}.Release|x64.Build.0 = Release|Any CPU
		{29DA0269-BF73-4153-8A3F-EBDE8FAEB879}.Release|x86.ActiveCfg = Release|Any CPU
		{29DA0269-BF73-4153-8A3F-EBDE8FAEB879}.Release|x86.Build.0 = Release|Any CPU
		{AB512488-09D1-4BEC-AB18-04431B8F267A}.Debug|Any CPU.ActiveCfg = Debug|Any CPU
		{AB512488-09D1-4BEC-AB18-04431B8F267A}.Debug|Any CPU.Build.0 = Debug|Any CPU
		{AB512488-09D1-4BEC-AB18-04431B8F267A}.Debug|x64.ActiveCfg = Debug|Any CPU
		{AB512488-09D1-4BEC-AB18-04431B8F267A}.Debug|x64.Build.0 = Debug|Any CPU
		{AB512488-09D1-4BEC-AB18-04431B8F267A}.Debug|x86.ActiveCfg = Debug|Any CPU
		{AB512488-09D1-4BEC-AB18-04431B8F267A}.Debug|x86.Build.0 = Debug|Any CPU
		{AB512488-09D1-4BEC-AB18-04431B8F267A}.Release|Any CPU.ActiveCfg = Release|Any CPU
		{AB512488-09D1-4BEC-AB18-04431B8F267A}.Release|Any CPU.Build.0 = Release|Any CPU
		{AB512488-09D1-4BEC-AB18-04431B8F267A}.Release|x64.ActiveCfg = Release|Any CPU
		{AB512488-09D1-4BEC-AB18-04431B8F267A}.Release|x64.Build.0 = Release|Any CPU
		{AB512488-09D1-4BEC-AB18-04431B8F267A}.Release|x86.ActiveCfg = Release|Any CPU
		{AB512488-09D1-4BEC-AB18-04431B8F267A}.Release|x86.Build.0 = Release|Any CPU
		{248306E8-CD49-4F66-AC3D-F89AF3BAAD3E}.Debug|Any CPU.ActiveCfg = Debug|Any CPU
		{248306E8-CD49-4F66-AC3D-F89AF3BAAD3E}.Debug|Any CPU.Build.0 = Debug|Any CPU
		{248306E8-CD49-4F66-AC3D-F89AF3BAAD3E}.Debug|x64.ActiveCfg = Debug|Any CPU
		{248306E8-CD49-4F66-AC3D-F89AF3BAAD3E}.Debug|x64.Build.0 = Debug|Any CPU
		{248306E8-CD49-4F66-AC3D-F89AF3BAAD3E}.Debug|x86.ActiveCfg = Debug|Any CPU
		{248306E8-CD49-4F66-AC3D-F89AF3BAAD3E}.Debug|x86.Build.0 = Debug|Any CPU
		{248306E8-CD49-4F66-AC3D-F89AF3BAAD3E}.Release|Any CPU.ActiveCfg = Release|Any CPU
		{248306E8-CD49-4F66-AC3D-F89AF3BAAD3E}.Release|Any CPU.Build.0 = Release|Any CPU
		{248306E8-CD49-4F66-AC3D-F89AF3BAAD3E}.Release|x64.ActiveCfg = Release|Any CPU
		{248306E8-CD49-4F66-AC3D-F89AF3BAAD3E}.Release|x64.Build.0 = Release|Any CPU
		{248306E8-CD49-4F66-AC3D-F89AF3BAAD3E}.Release|x86.ActiveCfg = Release|Any CPU
		{248306E8-CD49-4F66-AC3D-F89AF3BAAD3E}.Release|x86.Build.0 = Release|Any CPU
		{6BB13129-F8AF-4468-ADFD-B51330EF0861}.Debug|Any CPU.ActiveCfg = Debug|Any CPU
		{6BB13129-F8AF-4468-ADFD-B51330EF0861}.Debug|Any CPU.Build.0 = Debug|Any CPU
		{6BB13129-F8AF-4468-ADFD-B51330EF0861}.Debug|x64.ActiveCfg = Debug|Any CPU
		{6BB13129-F8AF-4468-ADFD-B51330EF0861}.Debug|x64.Build.0 = Debug|Any CPU
		{6BB13129-F8AF-4468-ADFD-B51330EF0861}.Debug|x86.ActiveCfg = Debug|Any CPU
		{6BB13129-F8AF-4468-ADFD-B51330EF0861}.Debug|x86.Build.0 = Debug|Any CPU
		{6BB13129-F8AF-4468-ADFD-B51330EF0861}.Release|Any CPU.ActiveCfg = Release|Any CPU
		{6BB13129-F8AF-4468-ADFD-B51330EF0861}.Release|Any CPU.Build.0 = Release|Any CPU
		{6BB13129-F8AF-4468-ADFD-B51330EF0861}.Release|x64.ActiveCfg = Release|Any CPU
		{6BB13129-F8AF-4468-ADFD-B51330EF0861}.Release|x64.Build.0 = Release|Any CPU
		{6BB13129-F8AF-4468-ADFD-B51330EF0861}.Release|x86.ActiveCfg = Release|Any CPU
		{6BB13129-F8AF-4468-ADFD-B51330EF0861}.Release|x86.Build.0 = Release|Any CPU
		{CDBFE8D4-58F4-4E16-8A4C-214254248750}.Debug|Any CPU.ActiveCfg = Debug|Any CPU
		{CDBFE8D4-58F4-4E16-8A4C-214254248750}.Debug|Any CPU.Build.0 = Debug|Any CPU
		{CDBFE8D4-58F4-4E16-8A4C-214254248750}.Debug|x64.ActiveCfg = Debug|Any CPU
		{CDBFE8D4-58F4-4E16-8A4C-214254248750}.Debug|x64.Build.0 = Debug|Any CPU
		{CDBFE8D4-58F4-4E16-8A4C-214254248750}.Debug|x86.ActiveCfg = Debug|Any CPU
		{CDBFE8D4-58F4-4E16-8A4C-214254248750}.Debug|x86.Build.0 = Debug|Any CPU
		{CDBFE8D4-58F4-4E16-8A4C-214254248750}.Release|Any CPU.ActiveCfg = Release|Any CPU
		{CDBFE8D4-58F4-4E16-8A4C-214254248750}.Release|Any CPU.Build.0 = Release|Any CPU
		{CDBFE8D4-58F4-4E16-8A4C-214254248750}.Release|x64.ActiveCfg = Release|Any CPU
		{CDBFE8D4-58F4-4E16-8A4C-214254248750}.Release|x64.Build.0 = Release|Any CPU
		{CDBFE8D4-58F4-4E16-8A4C-214254248750}.Release|x86.ActiveCfg = Release|Any CPU
		{CDBFE8D4-58F4-4E16-8A4C-214254248750}.Release|x86.Build.0 = Release|Any CPU
	EndGlobalSection
EndGlobal
